
Microsoft Visual Studio Solution File, Format Version 12.00
# Visual Studio 15
VisualStudioVersion = 15.0.27428.2027
MinimumVisualStudioVersion = 10.0.40219.1
Project("{FAE04EC0-301F-11D3-BF4B-00C04F79EFBC}") = "Git Experiment", "Git Experiment.csproj", "{BE59675E-DA7E-4983-B45E-1AC4EEF324A5}"
EndProject
Global
	GlobalSection(SolutionConfigurationPlatforms) = preSolution
		Debug|Any CPU = Debug|Any CPU
		Release|Any CPU = Release|Any CPU
	EndGlobalSection
	GlobalSection(ProjectConfigurationPlatforms) = postSolution
		{BE59675E-DA7E-4983-B45E-1AC4EEF324A5}.Debug|Any CPU.ActiveCfg = Debug|Any CPU
		{BE59675E-DA7E-4983-B45E-1AC4EEF324A5}.Debug|Any CPU.Build.0 = Debug|Any CPU
		{BE59675E-DA7E-4983-B45E-1AC4EEF324A5}.Release|Any CPU.ActiveCfg = Release|Any CPU
		{BE59675E-DA7E-4983-B45E-1AC4EEF324A5}.Release|Any CPU.Build.0 = Release|Any CPU
	EndGlobalSection
	GlobalSection(SolutionProperties) = preSolution
		HideSolutionNode = FALSE
	EndGlobalSection
	GlobalSection(ExtensibilityGlobals) = postSolution
		SolutionGuid = {296A8238-48E1-41D7-984A-6F738B7AF55C}
	EndGlobalSection
EndGlobal
